
Microsoft Visual Studio Solution File, Format Version 12.00
# Visual Studio Version 17
VisualStudioVersion = 17.9.34728.123
MinimumVisualStudioVersion = 10.0.40219.1
Project("{FAE04EC0-301F-11D3-BF4B-00C04F79EFBC}") = "KnightsChallenge.Server", "KnightsChallenge.Server\KnightsChallenge.Server.csproj", "{95B0B494-CC38-44C9-B18A-B5F90332BC0B}"
EndProject
Project("{54A90642-561A-4BB1-A94E-469ADEE60C69}") = "knightschallenge.client", "knightschallenge.client\knightschallenge.client.esproj", "{BD984FEE-8DB3-4C9D-854C-B3692F173FAD}"
EndProject
Global
	GlobalSection(SolutionConfigurationPlatforms) = preSolution
		Debug|Any CPU = Debug|Any CPU
		Release|Any CPU = Release|Any CPU
	EndGlobalSection
	GlobalSection(ProjectConfigurationPlatforms) = postSolution
		{95B0B494-CC38-44C9-B18A-B5F90332BC0B}.Debug|Any CPU.ActiveCfg = Debug|Any CPU
		{95B0B494-CC38-44C9-B18A-B5F90332BC0B}.Debug|Any CPU.Build.0 = Debug|Any CPU
		{95B0B494-CC38-44C9-B18A-B5F90332BC0B}.Release|Any CPU.ActiveCfg = Release|Any CPU
		{95B0B494-CC38-44C9-B18A-B5F90332BC0B}.Release|Any CPU.Build.0 = Release|Any CPU
		{BD984FEE-8DB3-4C9D-854C-B3692F173FAD}.Debug|Any CPU.ActiveCfg = Debug|Any CPU
		{BD984FEE-8DB3-4C9D-854C-B3692F173FAD}.Debug|Any CPU.Build.0 = Debug|Any CPU
		{BD984FEE-8DB3-4C9D-854C-B3692F173FAD}.Debug|Any CPU.Deploy.0 = Debug|Any CPU
		{BD984FEE-8DB3-4C9D-854C-B3692F173FAD}.Release|Any CPU.ActiveCfg = Release|Any CPU
		{BD984FEE-8DB3-4C9D-854C-B3692F173FAD}.Release|Any CPU.Build.0 = Release|Any CPU
		{BD984FEE-8DB3-4C9D-854C-B3692F173FAD}.Release|Any CPU.Deploy.0 = Release|Any CPU
	EndGlobalSection
	GlobalSection(SolutionProperties) = preSolution
		HideSolutionNode = FALSE
	EndGlobalSection
	GlobalSection(ExtensibilityGlobals) = postSolution
		SolutionGuid = {1958CB39-9EBC-49C5-83AD-022E6AA84EF9}
	EndGlobalSection
EndGlobal
